
Microsoft Visual Studio Solution File, Format Version 12.00
# Visual Studio Version 17
VisualStudioVersion = 17.4.33110.190
MinimumVisualStudioVersion = 10.0.40219.1
Project("{FAE04EC0-301F-11D3-BF4B-00C04F79EFBC}") = "ClsApp", "ClsApp\ClsApp.csproj", "{3EDFB64E-CE46-4C59-A2B7-F06AE2704FC7}"
EndProject
Global
	GlobalSection(SolutionConfigurationPlatforms) = preSolution
		Debug|Any CPU = Debug|Any CPU
		Release|Any CPU = Release|Any CPU
	EndGlobalSection
	GlobalSection(ProjectConfigurationPlatforms) = postSolution
		{3EDFB64E-CE46-4C59-A2B7-F06AE2704FC7}.Debug|Any CPU.ActiveCfg = Debug|Any CPU
		{3EDFB64E-CE46-4C59-A2B7-F06AE2704FC7}.Debug|Any CPU.Build.0 = Debug|Any CPU
		{3EDFB64E-CE46-4C59-A2B7-F06AE2704FC7}.Release|Any CPU.ActiveCfg = Release|Any CPU
		{3EDFB64E-CE46-4C59-A2B7-F06AE2704FC7}.Release|Any CPU.Build.0 = Release|Any CPU
	EndGlobalSection
	GlobalSection(SolutionProperties) = preSolution
		HideSolutionNode = FALSE
	EndGlobalSection
	GlobalSection(ExtensibilityGlobals) = postSolution
		SolutionGuid = {5B7847D4-D55C-40C3-AE97-0D4153D0DF18}
	EndGlobalSection
EndGlobal
